
Microsoft Visual Studio Solution File, Format Version 12.00
# Visual Studio 15
Project("{FAE04EC0-301F-11D3-BF4B-00C04F79EFBC}") = "Parking.Domain", "Parking.Domain\Parking.Domain.csproj", "{6E0CBB18-F413-41CC-82C7-73C70CEE38B6}"
EndProject
Project("{FAE04EC0-301F-11D3-BF4B-00C04F79EFBC}") = "Parking.Data", "Parking.Data\Parking.Data.csproj", "{8F258583-1401-4922-94E6-7B7649A9C6BB}"
EndProject
Project("{FAE04EC0-301F-11D3-BF4B-00C04F79EFBC}") = "Parking.Domain.Test", "Parking.Domain.Test\Parking.Domain.Test.csproj", "{86781454-4FC2-4A9C-9729-97696CAFF9AB}"
EndProject
Global
	GlobalSection(SolutionConfigurationPlatforms) = preSolution
		Debug|Any CPU = Debug|Any CPU
		Release|Any CPU = Release|Any CPU
		Debug-Mocks|Any CPU = Debug-Mocks|Any CPU
		Release-Mocks|Any CPU = Release-Mocks|Any CPU
		ReleaseMocks|Any CPU = ReleaseMocks|Any CPU
	EndGlobalSection
	GlobalSection(ProjectConfigurationPlatforms) = postSolution
		{6E0CBB18-F413-41CC-82C7-73C70CEE38B6}.Debug|Any CPU.ActiveCfg = Debug|Any CPU
		{6E0CBB18-F413-41CC-82C7-73C70CEE38B6}.Debug|Any CPU.Build.0 = Debug|Any CPU
		{6E0CBB18-F413-41CC-82C7-73C70CEE38B6}.Release|Any CPU.ActiveCfg = Release|Any CPU
		{6E0CBB18-F413-41CC-82C7-73C70CEE38B6}.Release|Any CPU.Build.0 = Release|Any CPU
		{6E0CBB18-F413-41CC-82C7-73C70CEE38B6}.Debug-Mocks|Any CPU.ActiveCfg = Debug|Any CPU
		{6E0CBB18-F413-41CC-82C7-73C70CEE38B6}.Debug-Mocks|Any CPU.Build.0 = Debug|Any CPU
		{6E0CBB18-F413-41CC-82C7-73C70CEE38B6}.Release-Mocks|Any CPU.ActiveCfg = Debug|Any CPU
		{6E0CBB18-F413-41CC-82C7-73C70CEE38B6}.Release-Mocks|Any CPU.Build.0 = Debug|Any CPU
		{6E0CBB18-F413-41CC-82C7-73C70CEE38B6}.ReleaseMocks|Any CPU.ActiveCfg = Release|Any CPU
		{6E0CBB18-F413-41CC-82C7-73C70CEE38B6}.ReleaseMocks|Any CPU.Build.0 = Release|Any CPU
		{8F258583-1401-4922-94E6-7B7649A9C6BB}.Debug|Any CPU.ActiveCfg = Debug|Any CPU
		{8F258583-1401-4922-94E6-7B7649A9C6BB}.Debug|Any CPU.Build.0 = Debug|Any CPU
		{8F258583-1401-4922-94E6-7B7649A9C6BB}.Release|Any CPU.ActiveCfg = Release|Any CPU
		{8F258583-1401-4922-94E6-7B7649A9C6BB}.Release|Any CPU.Build.0 = Release|Any CPU
		{8F258583-1401-4922-94E6-7B7649A9C6BB}.Debug-Mocks|Any CPU.ActiveCfg = Debug|Any CPU
		{8F258583-1401-4922-94E6-7B7649A9C6BB}.Debug-Mocks|Any CPU.Build.0 = Debug|Any CPU
		{8F258583-1401-4922-94E6-7B7649A9C6BB}.Release-Mocks|Any CPU.ActiveCfg = Debug|Any CPU
		{8F258583-1401-4922-94E6-7B7649A9C6BB}.Release-Mocks|Any CPU.Build.0 = Debug|Any CPU
		{8F258583-1401-4922-94E6-7B7649A9C6BB}.ReleaseMocks|Any CPU.ActiveCfg = Release|Any CPU
		{8F258583-1401-4922-94E6-7B7649A9C6BB}.ReleaseMocks|Any CPU.Build.0 = Release|Any CPU
		{86781454-4FC2-4A9C-9729-97696CAFF9AB}.Debug|Any CPU.ActiveCfg = Debug|Any CPU
		{86781454-4FC2-4A9C-9729-97696CAFF9AB}.Debug|Any CPU.Build.0 = Debug|Any CPU
		{86781454-4FC2-4A9C-9729-97696CAFF9AB}.Release|Any CPU.ActiveCfg = Release|Any CPU
		{86781454-4FC2-4A9C-9729-97696CAFF9AB}.Release|Any CPU.Build.0 = Release|Any CPU
		{86781454-4FC2-4A9C-9729-97696CAFF9AB}.Debug-Mocks|Any CPU.ActiveCfg = Debug|Any CPU
		{86781454-4FC2-4A9C-9729-97696CAFF9AB}.Debug-Mocks|Any CPU.Build.0 = Debug|Any CPU
		{86781454-4FC2-4A9C-9729-97696CAFF9AB}.Release-Mocks|Any CPU.ActiveCfg = Debug|Any CPU
		{86781454-4FC2-4A9C-9729-97696CAFF9AB}.Release-Mocks|Any CPU.Build.0 = Debug|Any CPU
		{86781454-4FC2-4A9C-9729-97696CAFF9AB}.ReleaseMocks|Any CPU.ActiveCfg = Release|Any CPU
		{86781454-4FC2-4A9C-9729-97696CAFF9AB}.ReleaseMocks|Any CPU.Build.0 = Release|Any CPU
	EndGlobalSection
EndGlobal
